
Microsoft Visual Studio Solution File, Format Version 12.00
Project("{FAE04EC0-301F-11D3-BF4B-00C04F79EFBC}") = "DeltaSight.SimpleBackgroundWorker", "DeltaSight.SimpleBackgroundWorker\DeltaSight.SimpleBackgroundWorker.csproj", "{DCFA4559-7D78-4BD7-9089-EB1913F54151}"
EndProject
Project("{FAE04EC0-301F-11D3-BF4B-00C04F79EFBC}") = "DeltaSight.SimpleBackgroundWorker.Tests", "DeltaSight.SimpleBackgroundWorker.Tests\DeltaSight.SimpleBackgroundWorker.Tests.csproj", "{C8CB48E6-D435-4D2F-BE1A-60AB5770E9FC}"
EndProject
Global
	GlobalSection(SolutionConfigurationPlatforms) = preSolution
		Debug|Any CPU = Debug|Any CPU
		Release|Any CPU = Release|Any CPU
	EndGlobalSection
	GlobalSection(ProjectConfigurationPlatforms) = postSolution
		{DCFA4559-7D78-4BD7-9089-EB1913F54151}.Debug|Any CPU.ActiveCfg = Debug|Any CPU
		{DCFA4559-7D78-4BD7-9089-EB1913F54151}.Debug|Any CPU.Build.0 = Debug|Any CPU
		{DCFA4559-7D78-4BD7-9089-EB1913F54151}.Release|Any CPU.ActiveCfg = Release|Any CPU
		{DCFA4559-7D78-4BD7-9089-EB1913F54151}.Release|Any CPU.Build.0 = Release|Any CPU
		{C8CB48E6-D435-4D2F-BE1A-60AB5770E9FC}.Debug|Any CPU.ActiveCfg = Debug|Any CPU
		{C8CB48E6-D435-4D2F-BE1A-60AB5770E9FC}.Debug|Any CPU.Build.0 = Debug|Any CPU
		{C8CB48E6-D435-4D2F-BE1A-60AB5770E9FC}.Release|Any CPU.ActiveCfg = Release|Any CPU
		{C8CB48E6-D435-4D2F-BE1A-60AB5770E9FC}.Release|Any CPU.Build.0 = Release|Any CPU
	EndGlobalSection
EndGlobal
